
Microsoft Visual Studio Solution File, Format Version 12.00
# Visual Studio Version 17
VisualStudioVersion = 17.9.34728.123
MinimumVisualStudioVersion = 10.0.40219.1
Project("{FAE04EC0-301F-11D3-BF4B-00C04F79EFBC}") = "App_ListasDEnlazadas", "App_ListasDEnlazadas\App_ListasDEnlazadas.csproj", "{146E3C1F-7BFE-4325-898A-3BE8933A2CC3}"
EndProject
Global
	GlobalSection(SolutionConfigurationPlatforms) = preSolution
		Debug|Any CPU = Debug|Any CPU
		Release|Any CPU = Release|Any CPU
	EndGlobalSection
	GlobalSection(ProjectConfigurationPlatforms) = postSolution
		{146E3C1F-7BFE-4325-898A-3BE8933A2CC3}.Debug|Any CPU.ActiveCfg = Debug|Any CPU
		{146E3C1F-7BFE-4325-898A-3BE8933A2CC3}.Debug|Any CPU.Build.0 = Debug|Any CPU
		{146E3C1F-7BFE-4325-898A-3BE8933A2CC3}.Release|Any CPU.ActiveCfg = Release|Any CPU
		{146E3C1F-7BFE-4325-898A-3BE8933A2CC3}.Release|Any CPU.Build.0 = Release|Any CPU
	EndGlobalSection
	GlobalSection(SolutionProperties) = preSolution
		HideSolutionNode = FALSE
	EndGlobalSection
	GlobalSection(ExtensibilityGlobals) = postSolution
		SolutionGuid = {FEEDE34F-ACC6-4A8A-94D3-159FCB51340F}
	EndGlobalSection
EndGlobal
